
Microsoft Visual Studio Solution File, Format Version 12.00
# Visual Studio Version 17
VisualStudioVersion = 17.14.36310.24
MinimumVisualStudioVersion = 10.0.40219.1
Project("{FAE04EC0-301F-11D3-BF4B-00C04F79EFBC}") = "Relationship Management", "Relationship Management.csproj", "{0C03BF7D-761A-4155-88E6-2679A985550C}"
EndProject
Project("{2150E333-8FDC-42A3-9474-1A3956D46DE8}") = "Solution Items", "Solution Items", "{8EC462FD-D22E-90A8-E5CE-7E832BA40C5D}"
	ProjectSection(SolutionItems) = preProject
		.gitattributes = .gitattributes
		.gitignore = .gitignore
		CHANGELOG.md = CHANGELOG.md
		LICENSE = LICENSE
		README.md = README.md
		Relationship.Documentor.nuspec = Relationship.Documentor.nuspec
	EndProjectSection
EndProject
Project("{2150E333-8FDC-42A3-9474-1A3956D46DE8}") = "Images", "Images", "{02EA681E-C7D8-13C7-8484-4AC65E1B71E8}"
	ProjectSection(SolutionItems) = preProject
		..\..\Users\KamaldeepSingh\OneDrive - HSO\Desktop\plugin-icon.ico = ..\..\Users\KamaldeepSingh\OneDrive - HSO\Desktop\plugin-icon.ico
	EndProjectSection
EndProject
Global
	GlobalSection(SolutionConfigurationPlatforms) = preSolution
		Debug|Any CPU = Debug|Any CPU
		Release|Any CPU = Release|Any CPU
	EndGlobalSection
	GlobalSection(ProjectConfigurationPlatforms) = postSolution
		{0C03BF7D-761A-4155-88E6-2679A985550C}.Debug|Any CPU.ActiveCfg = Debug|Any CPU
		{0C03BF7D-761A-4155-88E6-2679A985550C}.Debug|Any CPU.Build.0 = Debug|Any CPU
		{0C03BF7D-761A-4155-88E6-2679A985550C}.Release|Any CPU.ActiveCfg = Release|Any CPU
		{0C03BF7D-761A-4155-88E6-2679A985550C}.Release|Any CPU.Build.0 = Release|Any CPU
	EndGlobalSection
	GlobalSection(SolutionProperties) = preSolution
		HideSolutionNode = FALSE
	EndGlobalSection
	GlobalSection(ExtensibilityGlobals) = postSolution
		SolutionGuid = {82B4739C-99B4-4B2F-AF05-E0B2AA54ED2E}
	EndGlobalSection
EndGlobal
